{
  "name": "frame-transpiler",
  "version": "0.83.0",
  "lockfileVersion": 3,
  "requires": true,
  "packages": {
    "": {
      "name": "frame-transpiler",
      "version": "0.83.0",
      "license": "MIT",
      "devDependencies": {
        "@types/node": "^20.19.22",
        "typescript": "^5.0.0"
      },
      "engines": {
        "node": ">=16.0.0"
      }
    },
    "node_modules/@types/node": {
      "version": "20.19.22",
      "resolved": "https://registry.npmjs.org/@types/node/-/node-20.19.22.tgz",
      "integrity": "sha512-hRnu+5qggKDSyWHlnmThnUqg62l29Aj/6vcYgUaSFL9oc7DVjeWEQN3PRgdSc6F8d9QRMWkf36CLMch1Do/+RQ==",
      "dev": true,
      "dependencies": {
        "undici-types": "~6.21.0"
      }
    },
    "node_modules/typescript": {
      "version": "5.9.3",
      "resolved": "https://registry.npmjs.org/typescript/-/typescript-5.9.3.tgz",
      "integrity": "sha512-jl1vZzPDinLr9eUt3J/t7V6FgNEw9QjvBPdysz9KfQDD41fQrC2Y4vKQdiaUpFT4bXlb1RHhLpp8wtm6M5TgSw==",
      "dev": true,
      "bin": {
        "tsc": "bin/tsc",
        "tsserver": "bin/tsserver"
      },
      "engines": {
        "node": ">=14.17"
      }
    },
    "node_modules/undici-types": {
      "version": "6.21.0",
      "resolved": "https://registry.npmjs.org/undici-types/-/undici-types-6.21.0.tgz",
      "integrity": "sha512-iwDZqg0QAGrg9Rav5H4n0M64c3mkR59cJ6wQp+7C4nI0gsmExaedaYLNO44eT4AtBBwjbTiGPMlt2Md0T9H9JQ==",
      "dev": true
    }
  }
}
